{
  "nodes": {
    "crane": {
      "locked": {
        "lastModified": 1737689766,
        "narHash": "sha256-ivVXYaYlShxYoKfSo5+y5930qMKKJ8CLcAoIBPQfJ6s=",
        "owner": "ipetkov",
        "repo": "crane",
        "rev": "6fe74265bbb6d016d663b1091f015e2976c4a527",
        "type": "github"
      },
      "original": {
        "owner": "ipetkov",
        "repo": "crane",
        "type": "github"
      }
    },
    "disko": {
      "inputs": {
        "nixpkgs": [
          "nixpkgs-stable"
        ]
      },
      "locked": {
        "lastModified": 1736864502,
        "narHash": "sha256-ItkIZyebGvNH2dK9jVGzJHGPtb6BSWLN8Gmef16NeY0=",
        "owner": "nix-community",
        "repo": "disko",
        "rev": "0141aabed359f063de7413f80d906e1d98c0c123",
        "type": "github"
      },
      "original": {
        "owner": "nix-community",
        "ref": "latest",
        "repo": "disko",
        "type": "github"
      }
    },
    "fenix": {
      "inputs": {
        "nixpkgs": [
          "flox",
          "nixpkgs"
        ],
        "rust-analyzer-src": "rust-analyzer-src"
      },
      "locked": {
        "lastModified": 1738305171,
        "narHash": "sha256-Bt7jBEGnOmxyvma4S7MFFf3vbPUiTbr8TJoZLXEDXKc=",
        "owner": "nix-community",
        "repo": "fenix",
        "rev": "667e3751a708b886bb67879147f71c07b0014c7f",
        "type": "github"
      },
      "original": {
        "owner": "nix-community",
        "repo": "fenix",
        "type": "github"
      }
    },
    "flake-compat": {
      "flake": false,
      "locked": {
        "lastModified": 1696426674,
        "narHash": "sha256-kvjfFW7WAETZlt09AgDn1MrtKzP7t90Vf7vypd3OL1U=",
        "owner": "edolstra",
        "repo": "flake-compat",
        "rev": "0f9255e01c2351cc7d116c072cb317785dd33b33",
        "type": "github"
      },
      "original": {
        "owner": "edolstra",
        "repo": "flake-compat",
        "type": "github"
      }
    },
    "flake-utils": {
      "inputs": {
        "systems": "systems"
      },
      "locked": {
        "lastModified": 1731533236,
        "narHash": "sha256-l0KFg5HjrsfsO/JpG+r7fRrqm12kzFHyUHqHCVpMMbI=",
        "owner": "numtide",
        "repo": "flake-utils",
        "rev": "11707dc2f618dd54ca8739b309ec4fc024de578b",
        "type": "github"
      },
      "original": {
        "owner": "numtide",
        "repo": "flake-utils",
        "type": "github"
      }
    },
    "flox": {
      "inputs": {
        "crane": "crane",
        "fenix": "fenix",
        "nixpkgs": "nixpkgs",
        "pre-commit-hooks": "pre-commit-hooks",
        "t3-src": "t3-src"
      },
      "locked": {
        "lastModified": 1740010601,
        "narHash": "sha256-n2dWnFt0ucBLt/sYqzgRa6nxe7XHQm12pRjZDf4fW2o=",
        "owner": "flox",
        "repo": "flox",
        "rev": "8fa0811be7ae44763619e59dc1fab4ddae333316",
        "type": "github"
      },
      "original": {
        "owner": "flox",
        "ref": "v1.3.15",
        "repo": "flox",
        "type": "github"
      }
    },
    "gitignore": {
      "inputs": {
        "nixpkgs": [
          "flox",
          "pre-commit-hooks",
          "nixpkgs"
        ]
      },
      "locked": {
        "lastModified": 1709087332,
        "narHash": "sha256-HG2cCnktfHsKV0s4XW83gU3F57gaTljL9KNSuG6bnQs=",
        "owner": "hercules-ci",
        "repo": "gitignore.nix",
        "rev": "637db329424fd7e46cf4185293b9cc8c88c95394",
        "type": "github"
      },
      "original": {
        "owner": "hercules-ci",
        "repo": "gitignore.nix",
        "type": "github"
      }
    },
    "home-manager": {
      "inputs": {
        "nixpkgs": [
          "nixpkgs-stable"
        ]
      },
      "locked": {
        "lastModified": 1746171682,
        "narHash": "sha256-EyXUNSa+H+YvGVuQJP1nZskXAowxKYp79RNUsNdQTj4=",
        "owner": "nix-community",
        "repo": "home-manager",
        "rev": "50eee705bbdbac942074a8c120e8194185633675",
        "type": "github"
      },
      "original": {
        "owner": "nix-community",
        "ref": "release-24.11",
        "repo": "home-manager",
        "type": "github"
      }
    },
    "microvm": {
      "inputs": {
        "flake-utils": "flake-utils",
        "nixpkgs": [
          "nixpkgs-stable"
        ],
        "spectrum": "spectrum"
      },
      "locked": {
        "lastModified": 1746204357,
        "narHash": "sha256-wg1VlK0OynQOrC7kB5pkjkDG13HuHy0AXpxLCStFKZg=",
        "owner": "astro",
        "repo": "microvm.nix",
        "rev": "717cbf49d61e46ad68cb8dcc183b3bf33678e1c2",
        "type": "github"
      },
      "original": {
        "owner": "astro",
        "repo": "microvm.nix",
        "type": "github"
      }
    },
    "nix-darwin": {
      "inputs": {
        "nixpkgs": [
          "nixpkgs-stable"
        ]
      },
      "locked": {
        "lastModified": 1743127615,
        "narHash": "sha256-+sMGqywrSr50BGMLMeY789mSrzjkoxZiu61eWjYS/8o=",
        "owner": "lnl7",
        "repo": "nix-darwin",
        "rev": "fc843893cecc1838a59713ee3e50e9e7edc6207c",
        "type": "github"
      },
      "original": {
        "owner": "lnl7",
        "ref": "nix-darwin-24.11",
        "repo": "nix-darwin",
        "type": "github"
      }
    },
    "nixos-hardware": {
      "locked": {
        "lastModified": 1746341346,
        "narHash": "sha256-WjupK5Xpc+viJlJWiyPHp/dF4aJItp1BPuFsEdv2/fI=",
        "owner": "NixOS",
        "repo": "nixos-hardware",
        "rev": "0833dc8bbc4ffa9cf9b0cbfccf1c5ec8632fc66e",
        "type": "github"
      },
      "original": {
        "owner": "NixOS",
        "ref": "master",
        "repo": "nixos-hardware",
        "type": "github"
      }
    },
    "nixpkgs": {
      "locked": {
        "lastModified": 1734649271,
        "narHash": "sha256-4EVBRhOjMDuGtMaofAIqzJbg4Ql7Ai0PSeuVZTHjyKQ=",
        "owner": "flox",
        "repo": "nixpkgs",
        "rev": "d70bd19e0a38ad4790d3913bf08fcbfc9eeca507",
        "type": "github"
      },
      "original": {
        "owner": "flox",
        "ref": "stable",
        "repo": "nixpkgs",
        "type": "github"
      }
    },
    "nixpkgs-ovmf": {
      "locked": {
        "lastModified": 1708984720,
        "narHash": "sha256-gJctErLbXx4QZBBbGp78PxtOOzsDaQ+yw1ylNQBuSUY=",
        "owner": "NixOS",
        "repo": "nixpkgs",
        "rev": "13aff9b34cc32e59d35c62ac9356e4a41198a538",
        "type": "github"
      },
      "original": {
        "owner": "NixOS",
        "ref": "nixos-unstable",
        "repo": "nixpkgs",
        "type": "github"
      }
    },
    "nixpkgs-stable": {
      "locked": {
        "lastModified": 1746301764,
        "narHash": "sha256-5odz+NZszRya//Zd0P8h+sIwOnV35qJi+73f4I+iv1M=",
        "owner": "NixOS",
        "repo": "nixpkgs",
        "rev": "537ee98218704e21ea465251de512ab6bbb9012e",
        "type": "github"
      },
      "original": {
        "owner": "NixOS",
        "ref": "nixos-24.11",
        "repo": "nixpkgs",
        "type": "github"
      }
    },
    "nixpkgs-unstable": {
      "locked": {
        "lastModified": 1746300365,
        "narHash": "sha256-thYTdWqCRipwPRxWiTiH1vusLuAy0okjOyzRx4hLWh4=",
        "owner": "NixOS",
        "repo": "nixpkgs",
        "rev": "f21e4546e3ede7ae34d12a84602a22246b31f7e0",
        "type": "github"
      },
      "original": {
        "owner": "NixOS",
        "ref": "nixpkgs-unstable",
        "repo": "nixpkgs",
        "type": "github"
      }
    },
    "nixvirt": {
      "inputs": {
        "nixpkgs": [
          "nixpkgs-stable"
        ],
        "nixpkgs-ovmf": "nixpkgs-ovmf"
      },
      "locked": {
        "lastModified": 1712439808,
        "narHash": "sha256-QoONoZPBpNTw5cia05QSvDlaxXo3moKAJQOw7c5hMXA=",
        "rev": "9f1cdca730d92461075709e867c1e9ad93d58a8d",
        "revCount": 284,
        "type": "tarball",
        "url": "https://api.flakehub.com/f/pinned/AshleyYakeley/NixVirt/0.5.0/018eb55e-7beb-75c5-919f-5b5b26136e06/source.tar.gz"
      },
      "original": {
        "type": "tarball",
        "url": "https://flakehub.com/f/AshleyYakeley/NixVirt/%2A.tar.gz"
      }
    },
    "pre-commit-hooks": {
      "inputs": {
        "flake-compat": "flake-compat",
        "gitignore": "gitignore",
        "nixpkgs": [
          "flox",
          "nixpkgs"
        ]
      },
      "locked": {
        "lastModified": 1737465171,
        "narHash": "sha256-R10v2hoJRLq8jcL4syVFag7nIGE7m13qO48wRIukWNg=",
        "owner": "cachix",
        "repo": "pre-commit-hooks.nix",
        "rev": "9364dc02281ce2d37a1f55b6e51f7c0f65a75f17",
        "type": "github"
      },
      "original": {
        "owner": "cachix",
        "repo": "pre-commit-hooks.nix",
        "type": "github"
      }
    },
    "root": {
      "inputs": {
        "disko": "disko",
        "flox": "flox",
        "home-manager": "home-manager",
        "microvm": "microvm",
        "nix-darwin": "nix-darwin",
        "nixos-hardware": "nixos-hardware",
        "nixpkgs-stable": "nixpkgs-stable",
        "nixpkgs-unstable": "nixpkgs-unstable",
        "nixvirt": "nixvirt"
      }
    },
    "rust-analyzer-src": {
      "flake": false,
      "locked": {
        "lastModified": 1738224931,
        "narHash": "sha256-1zhfA5NBqin0Z79Se85juvqQteq7uClJMEb7l2pdDUY=",
        "owner": "rust-lang",
        "repo": "rust-analyzer",
        "rev": "3c2aca1e5e9fbabb4e05fc4baa62e807aadc476a",
        "type": "github"
      },
      "original": {
        "owner": "rust-lang",
        "ref": "nightly",
        "repo": "rust-analyzer",
        "type": "github"
      }
    },
    "spectrum": {
      "flake": false,
      "locked": {
        "lastModified": 1745937988,
        "narHash": "sha256-8BsgirAbalgq7XRHE9il8XBX/RYCALVj5zGqDvbOEc4=",
        "ref": "refs/heads/main",
        "rev": "65a511b120aa28f40bcdbb333fd221f33ced4760",
        "revCount": 854,
        "type": "git",
        "url": "https://spectrum-os.org/git/spectrum"
      },
      "original": {
        "type": "git",
        "url": "https://spectrum-os.org/git/spectrum"
      }
    },
    "systems": {
      "locked": {
        "lastModified": 1681028828,
        "narHash": "sha256-Vy1rq5AaRuLzOxct8nz4T6wlgyUR7zLU309k9mBC768=",
        "owner": "nix-systems",
        "repo": "default",
        "rev": "da67096a3b9bf56a91d16901293e51ba5b49a27e",
        "type": "github"
      },
      "original": {
        "owner": "nix-systems",
        "repo": "default",
        "type": "github"
      }
    },
    "t3-src": {
      "flake": false,
      "locked": {
        "lastModified": 1738681975,
        "narHash": "sha256-QLaOMYlEYjUZpuXJ/MOKb+UqzrTiOu6Isuqj07HTxkQ=",
        "owner": "flox",
        "repo": "t3",
        "rev": "83caeb1cc47fd07117ee5cf478f82cc177cca598",
        "type": "github"
      },
      "original": {
        "owner": "flox",
        "ref": "v1.0.7",
        "repo": "t3",
        "type": "github"
      }
    }
  },
  "root": "root",
  "version": 7
}
