{
  "nodes": {
    "flake-utils": {
      "inputs": {
        "systems": "systems"
      },
      "locked": {
        "lastModified": 1731533236,
        "narHash": "sha256-l0KFg5HjrsfsO/JpG+r7fRrqm12kzFHyUHqHCVpMMbI=",
        "owner": "numtide",
        "repo": "flake-utils",
        "rev": "11707dc2f618dd54ca8739b309ec4fc024de578b",
        "type": "github"
      },
      "original": {
        "owner": "numtide",
        "repo": "flake-utils",
        "type": "github"
      }
    },
    "home-manager": {
      "inputs": {
        "nixpkgs": [
          "nixpkgs-stable"
        ]
      },
      "locked": {
        "lastModified": 1733951536,
        "narHash": "sha256-Zb5ZCa7Xj+0gy5XVXINTSr71fCfAv+IKtmIXNrykT54=",
        "owner": "nix-community",
        "repo": "home-manager",
        "rev": "1318c3f3b068cdcea922fa7c1a0a1f0c96c22f5f",
        "type": "github"
      },
      "original": {
        "owner": "nix-community",
        "ref": "release-24.11",
        "repo": "home-manager",
        "type": "github"
      }
    },
    "microvm": {
      "inputs": {
        "flake-utils": "flake-utils",
        "nixpkgs": [
          "nixpkgs-stable"
        ],
        "spectrum": "spectrum"
      },
      "locked": {
        "lastModified": 1734041466,
        "narHash": "sha256-51bhaMe8BZuNAStUHvo07nDO72wmw8PAqkSYH4U31Yo=",
        "owner": "astro",
        "repo": "microvm.nix",
        "rev": "3910e65c3d92c82ea41ab295c66df4c0b4f9e7b3",
        "type": "github"
      },
      "original": {
        "owner": "astro",
        "repo": "microvm.nix",
        "type": "github"
      }
    },
    "nix-darwin": {
      "inputs": {
        "nixpkgs": [
          "nixpkgs-stable"
        ]
      },
      "locked": {
        "lastModified": 1733570843,
        "narHash": "sha256-sQJAxY1TYWD1UyibN/FnN97paTFuwBw3Vp3DNCyKsMk=",
        "owner": "lnl7",
        "repo": "nix-darwin",
        "rev": "a35b08d09efda83625bef267eb24347b446c80b8",
        "type": "github"
      },
      "original": {
        "owner": "lnl7",
        "ref": "master",
        "repo": "nix-darwin",
        "type": "github"
      }
    },
    "nixos-hardware": {
      "locked": {
        "lastModified": 1733861262,
        "narHash": "sha256-+jjPup/ByS0LEVIrBbt7FnGugJgLeG9oc+ivFASYn2U=",
        "owner": "NixOS",
        "repo": "nixos-hardware",
        "rev": "cf737e2eba82b603f54f71b10cb8fd09d22ce3f5",
        "type": "github"
      },
      "original": {
        "owner": "NixOS",
        "ref": "master",
        "repo": "nixos-hardware",
        "type": "github"
      }
    },
    "nixpkgs-ovmf": {
      "locked": {
        "lastModified": 1708984720,
        "narHash": "sha256-gJctErLbXx4QZBBbGp78PxtOOzsDaQ+yw1ylNQBuSUY=",
        "owner": "NixOS",
        "repo": "nixpkgs",
        "rev": "13aff9b34cc32e59d35c62ac9356e4a41198a538",
        "type": "github"
      },
      "original": {
        "owner": "NixOS",
        "ref": "nixos-unstable",
        "repo": "nixpkgs",
        "type": "github"
      }
    },
    "nixpkgs-stable": {
      "locked": {
        "lastModified": 1734083684,
        "narHash": "sha256-5fNndbndxSx5d+C/D0p/VF32xDiJCJzyOqorOYW4JEo=",
        "owner": "NixOS",
        "repo": "nixpkgs",
        "rev": "314e12ba369ccdb9b352a4db26ff419f7c49fa84",
        "type": "github"
      },
      "original": {
        "owner": "NixOS",
        "ref": "nixos-24.11",
        "repo": "nixpkgs",
        "type": "github"
      }
    },
    "nixpkgs-unstable": {
      "locked": {
        "lastModified": 1734126203,
        "narHash": "sha256-0XovF7BYP50rTD2v4r55tR5MuBLet7q4xIz6Rgh3BBU=",
        "owner": "NixOS",
        "repo": "nixpkgs",
        "rev": "71a6392e367b08525ee710a93af2e80083b5b3e2",
        "type": "github"
      },
      "original": {
        "owner": "NixOS",
        "ref": "nixpkgs-unstable",
        "repo": "nixpkgs",
        "type": "github"
      }
    },
    "nixvirt": {
      "inputs": {
        "nixpkgs": [
          "nixpkgs-stable"
        ],
        "nixpkgs-ovmf": "nixpkgs-ovmf"
      },
      "locked": {
        "lastModified": 1712439808,
        "narHash": "sha256-QoONoZPBpNTw5cia05QSvDlaxXo3moKAJQOw7c5hMXA=",
        "rev": "9f1cdca730d92461075709e867c1e9ad93d58a8d",
        "revCount": 284,
        "type": "tarball",
        "url": "https://api.flakehub.com/f/pinned/AshleyYakeley/NixVirt/0.5.0/018eb55e-7beb-75c5-919f-5b5b26136e06/source.tar.gz"
      },
      "original": {
        "type": "tarball",
        "url": "https://flakehub.com/f/AshleyYakeley/NixVirt/%2A.tar.gz"
      }
    },
    "root": {
      "inputs": {
        "home-manager": "home-manager",
        "microvm": "microvm",
        "nix-darwin": "nix-darwin",
        "nixos-hardware": "nixos-hardware",
        "nixpkgs-stable": "nixpkgs-stable",
        "nixpkgs-unstable": "nixpkgs-unstable",
        "nixvirt": "nixvirt"
      }
    },
    "spectrum": {
      "flake": false,
      "locked": {
        "lastModified": 1733308308,
        "narHash": "sha256-+RcbMAjSxV1wW5UpS9abIG1lFZC8bITPiFIKNnE7RLs=",
        "ref": "refs/heads/main",
        "rev": "80c9e9830d460c944c8f730065f18bb733bc7ee2",
        "revCount": 792,
        "type": "git",
        "url": "https://spectrum-os.org/git/spectrum"
      },
      "original": {
        "type": "git",
        "url": "https://spectrum-os.org/git/spectrum"
      }
    },
    "systems": {
      "locked": {
        "lastModified": 1681028828,
        "narHash": "sha256-Vy1rq5AaRuLzOxct8nz4T6wlgyUR7zLU309k9mBC768=",
        "owner": "nix-systems",
        "repo": "default",
        "rev": "da67096a3b9bf56a91d16901293e51ba5b49a27e",
        "type": "github"
      },
      "original": {
        "owner": "nix-systems",
        "repo": "default",
        "type": "github"
      }
    }
  },
  "root": "root",
  "version": 7
}
