{
  "lockfile-version": 1,
  "manifest": {
    "version": 1,
    "install": {
      "age": {
        "pkg-path": "age"
      },
      "pre-commit": {
        "pkg-path": "pre-commit"
      }
    },
    "hook": {},
    "profile": {},
    "options": {
      "systems": [
        "aarch64-darwin",
        "aarch64-linux",
        "x86_64-darwin",
        "x86_64-linux"
      ]
    }
  },
  "packages": [
    {
      "attr_path": "age",
      "broken": false,
      "derivation": "/nix/store/rzi2pvsnbay5d1r8b5fv7ppinsflzs4l-age-1.2.1.drv",
      "description": "Modern encryption tool with small explicit keys",
      "install_id": "age",
      "license": "BSD-3-Clause",
      "locked_url": "https://github.com/flox/nixpkgs?rev=d7600c775f877cd87b4f5a831c28aa94137377aa",
      "name": "age-1.2.1",
      "pname": "age",
      "rev": "d7600c775f877cd87b4f5a831c28aa94137377aa",
      "rev_count": 854036,
      "rev_date": "2025-08-30T08:25:00Z",
      "scrape_date": "2025-08-31T03:28:51.452416Z",
      "stabilities": [
        "unstable"
      ],
      "unfree": false,
      "version": "1.2.1",
      "outputs_to_install": [
        "out"
      ],
      "outputs": {
        "out": "/nix/store/c3xsrgb1k3p2cqfhp5yj52xwz90sbl83-age-1.2.1"
      },
      "system": "aarch64-darwin",
      "group": "toplevel",
      "priority": 5
    },
    {
      "attr_path": "age",
      "broken": false,
      "derivation": "/nix/store/ycx5l4nwzzbglhkyrb6rqvcq2xypsqbv-age-1.2.1.drv",
      "description": "Modern encryption tool with small explicit keys",
      "install_id": "age",
      "license": "BSD-3-Clause",
      "locked_url": "https://github.com/flox/nixpkgs?rev=d7600c775f877cd87b4f5a831c28aa94137377aa",
      "name": "age-1.2.1",
      "pname": "age",
      "rev": "d7600c775f877cd87b4f5a831c28aa94137377aa",
      "rev_count": 854036,
      "rev_date": "2025-08-30T08:25:00Z",
      "scrape_date": "2025-08-31T03:37:15.264416Z",
      "stabilities": [
        "unstable"
      ],
      "unfree": false,
      "version": "1.2.1",
      "outputs_to_install": [
        "out"
      ],
      "outputs": {
        "out": "/nix/store/yzcsyxb7ywagk4p2cwxv1sl2ykgwckhn-age-1.2.1"
      },
      "system": "aarch64-linux",
      "group": "toplevel",
      "priority": 5
    },
    {
      "attr_path": "age",
      "broken": false,
      "derivation": "/nix/store/cr7hk4w8kk8mz9gr8c02nznkyk6vv4rz-age-1.2.1.drv",
      "description": "Modern encryption tool with small explicit keys",
      "install_id": "age",
      "license": "BSD-3-Clause",
      "locked_url": "https://github.com/flox/nixpkgs?rev=d7600c775f877cd87b4f5a831c28aa94137377aa",
      "name": "age-1.2.1",
      "pname": "age",
      "rev": "d7600c775f877cd87b4f5a831c28aa94137377aa",
      "rev_count": 854036,
      "rev_date": "2025-08-30T08:25:00Z",
      "scrape_date": "2025-08-31T03:45:25.077751Z",
      "stabilities": [
        "unstable"
      ],
      "unfree": false,
      "version": "1.2.1",
      "outputs_to_install": [
        "out"
      ],
      "outputs": {
        "out": "/nix/store/2isc0j5q9b25148rp0aqn22l2jl0zyg5-age-1.2.1"
      },
      "system": "x86_64-darwin",
      "group": "toplevel",
      "priority": 5
    },
    {
      "attr_path": "age",
      "broken": false,
      "derivation": "/nix/store/l52zgq8lwm61p2fw6lfljk1nf71lwgln-age-1.2.1.drv",
      "description": "Modern encryption tool with small explicit keys",
      "install_id": "age",
      "license": "BSD-3-Clause",
      "locked_url": "https://github.com/flox/nixpkgs?rev=d7600c775f877cd87b4f5a831c28aa94137377aa",
      "name": "age-1.2.1",
      "pname": "age",
      "rev": "d7600c775f877cd87b4f5a831c28aa94137377aa",
      "rev_count": 854036,
      "rev_date": "2025-08-30T08:25:00Z",
      "scrape_date": "2025-08-31T03:52:51.915187Z",
      "stabilities": [
        "unstable"
      ],
      "unfree": false,
      "version": "1.2.1",
      "outputs_to_install": [
        "out"
      ],
      "outputs": {
        "out": "/nix/store/gjywnb0r2dcri6xl9s4hx6vrn82dyvm7-age-1.2.1"
      },
      "system": "x86_64-linux",
      "group": "toplevel",
      "priority": 5
    },
    {
      "attr_path": "pre-commit",
      "broken": false,
      "derivation": "/nix/store/c997jjs7qi9ma3xpj52hjs9d2jwp0nxv-pre-commit-4.3.0.drv",
      "description": "Framework for managing and maintaining multi-language pre-commit hooks",
      "install_id": "pre-commit",
      "license": "MIT",
      "locked_url": "https://github.com/flox/nixpkgs?rev=d7600c775f877cd87b4f5a831c28aa94137377aa",
      "name": "pre-commit-4.3.0",
      "pname": "pre-commit",
      "rev": "d7600c775f877cd87b4f5a831c28aa94137377aa",
      "rev_count": 854036,
      "rev_date": "2025-08-30T08:25:00Z",
      "scrape_date": "2025-08-31T03:29:04.857506Z",
      "stabilities": [
        "unstable"
      ],
      "unfree": false,
      "version": "4.3.0",
      "outputs_to_install": [
        "out"
      ],
      "outputs": {
        "dist": "/nix/store/k7vnzm3p7parfi9svhqkm65xyab9b9mx-pre-commit-4.3.0-dist",
        "out": "/nix/store/s8p6h0h1rdp0f1cbxp50pls9z8yfh2s1-pre-commit-4.3.0"
      },
      "system": "aarch64-darwin",
      "group": "toplevel",
      "priority": 5
    },
    {
      "attr_path": "pre-commit",
      "broken": false,
      "derivation": "/nix/store/xg8503p4dxz6kdidmzjpki6h2z19frh9-pre-commit-4.3.0.drv",
      "description": "Framework for managing and maintaining multi-language pre-commit hooks",
      "install_id": "pre-commit",
      "license": "MIT",
      "locked_url": "https://github.com/flox/nixpkgs?rev=d7600c775f877cd87b4f5a831c28aa94137377aa",
      "name": "pre-commit-4.3.0",
      "pname": "pre-commit",
      "rev": "d7600c775f877cd87b4f5a831c28aa94137377aa",
      "rev_count": 854036,
      "rev_date": "2025-08-30T08:25:00Z",
      "scrape_date": "2025-08-31T03:37:42.396930Z",
      "stabilities": [
        "unstable"
      ],
      "unfree": false,
      "version": "4.3.0",
      "outputs_to_install": [
        "out"
      ],
      "outputs": {
        "dist": "/nix/store/wxfhc02vdni6l3rb0fdrknsr2vlkafhf-pre-commit-4.3.0-dist",
        "out": "/nix/store/f0wq9ag9jpfxcd981ajzas4mwrfy6iz4-pre-commit-4.3.0"
      },
      "system": "aarch64-linux",
      "group": "toplevel",
      "priority": 5
    },
    {
      "attr_path": "pre-commit",
      "broken": false,
      "derivation": "/nix/store/8m5gxr28qmic4mmr9lrzfjc7255hdv07-pre-commit-4.3.0.drv",
      "description": "Framework for managing and maintaining multi-language pre-commit hooks",
      "install_id": "pre-commit",
      "license": "MIT",
      "locked_url": "https://github.com/flox/nixpkgs?rev=d7600c775f877cd87b4f5a831c28aa94137377aa",
      "name": "pre-commit-4.3.0",
      "pname": "pre-commit",
      "rev": "d7600c775f877cd87b4f5a831c28aa94137377aa",
      "rev_count": 854036,
      "rev_date": "2025-08-30T08:25:00Z",
      "scrape_date": "2025-08-31T03:45:38.281871Z",
      "stabilities": [
        "unstable"
      ],
      "unfree": false,
      "version": "4.3.0",
      "outputs_to_install": [
        "out"
      ],
      "outputs": {
        "dist": "/nix/store/01zd7p6chr5lclb398rgxfz56j72n4vp-pre-commit-4.3.0-dist",
        "out": "/nix/store/ml1jyr1r60fb0mg57wafk0y8s5jvhl56-pre-commit-4.3.0"
      },
      "system": "x86_64-darwin",
      "group": "toplevel",
      "priority": 5
    },
    {
      "attr_path": "pre-commit",
      "broken": false,
      "derivation": "/nix/store/nqpwxzlfpa90g4d9jqg1jbk2pkl4lz0d-pre-commit-4.3.0.drv",
      "description": "Framework for managing and maintaining multi-language pre-commit hooks",
      "install_id": "pre-commit",
      "license": "MIT",
      "locked_url": "https://github.com/flox/nixpkgs?rev=d7600c775f877cd87b4f5a831c28aa94137377aa",
      "name": "pre-commit-4.3.0",
      "pname": "pre-commit",
      "rev": "d7600c775f877cd87b4f5a831c28aa94137377aa",
      "rev_count": 854036,
      "rev_date": "2025-08-30T08:25:00Z",
      "scrape_date": "2025-08-31T03:53:20.503410Z",
      "stabilities": [
        "unstable"
      ],
      "unfree": false,
      "version": "4.3.0",
      "outputs_to_install": [
        "out"
      ],
      "outputs": {
        "dist": "/nix/store/dkvyq6j563c5rhrln3m3q6zhp05wamcz-pre-commit-4.3.0-dist",
        "out": "/nix/store/2bpaa9dbz3qfwxmw2x8556p2d0f9f811-pre-commit-4.3.0"
      },
      "system": "x86_64-linux",
      "group": "toplevel",
      "priority": 5
    }
  ]
}